// !$*UTF8*$!
{
	archiveVersion = 1;
	classes = {
	};
	objectVersion = 77;
	objects = {

/* Begin PBXBuildFile section */
		45F57D512F22FFCE00AAD914 /* Lottie in Frameworks */ = {isa = PBXBuildFile; productRef = 45F57D502F22FFCE00AAD914 /* Lottie */; };
/* End PBXBuildFile section */

/* Begin PBXContainerItemProxy section */
		456A92FB2F21BCB4004D7D82 /* PBXContainerItemProxy */ = {
			isa = PBXContainerItemProxy;
			containerPortal = 456A92E52F21BCB2004D7D82 /* Project object */;
			proxyType = 1;
			remoteGlobalIDString = 456A92EC2F21BCB2004D7D82;
			remoteInfo = Iminapp;
		};
		456A93052F21BCB4004D7D82 /* PBXContainerItemProxy */ = {
			isa = PBXContainerItemProxy;
			containerPortal = 456A92E52F21BCB2004D7D82 /* Project object */;
			proxyType = 1;
			remoteGlobalIDString = 456A92EC2F21BCB2004D7D82;
			remoteInfo = Iminapp;
		};
/* End PBXContainerItemProxy section */

/* Begin PBXFileReference section */
		456A92ED2F21BCB2004D7D82 /* Iminapp.app */ = {isa = PBXFileReference; explicitFileType = wrapper.application; includeInIndex = 0; path = Iminapp.app; sourceTree = BUILT_PRODUCTS_DIR; };
		456A92FA2F21BCB4004D7D82 /* IminappTests.xctest */ = {isa = PBXFileReference; explicitFileType = wrapper.cfbundle; includeInIndex = 0; path = IminappTests.xctest; sourceTree = BUILT_PRODUCTS_DIR; };
		456A93042F21BCB4004D7D82 /* IminappUITests.xctest */ = {isa = PBXFileReference; explicitFileType = wrapper.cfbundle; includeInIndex = 0; path = IminappUITests.xctest; sourceTree = BUILT_PRODUCTS_DIR; };
/* End PBXFileReference section */

/* Begin PBXFileSystemSynchronizedRootGroup section */
		456A92EF2F21BCB2004D7D82 /* Iminapp */ = {
			isa = PBXFileSystemSynchronizedRootGroup;
			path = Iminapp;
			sourceTree = "<group>";
		};
		456A92FD2F21BCB4004D7D82 /* IminappTests */ = {
			isa = PBXFileSystemSynchronizedRootGroup;
			path = IminappTests;
			sourceTree = "<group>";
		};
		456A93072F21BCB4004D7D82 /* IminappUITests */ = {
			isa = PBXFileSystemSynchronizedRootGroup;
			path = IminappUITests;
			sourceTree = "<group>";
		};
/* End PBXFileSystemSynchronizedRootGroup section */

/* Begin PBXFrameworksBuildPhase section */
		456A92EA2F21BCB2004D7D82 /* Frameworks */ = {
			isa = PBXFrameworksBuildPhase;
			buildActionMask = 2147483647;
			files = (
				45F57D512F22FFCE00AAD914 /* Lottie in Frameworks */,
			);
			runOnlyForDeploymentPostprocessing = 0;
		};
		456A92F72F21BCB4004D7D82 /* Frameworks */ = {
			isa = PBXFrameworksBuildPhase;
			buildActionMask = 2147483647;
			files = (
			);
			runOnlyForDeploymentPostprocessing = 0;
		};
		456A93012F21BCB4004D7D82 /* Frameworks */ = {
			isa = PBXFrameworksBuildPhase;
			buildActionMask = 2147483647;
			files = (
			);
			runOnlyForDeploymentPostprocessing = 0;
		};
/* End PBXFrameworksBuildPhase section */

/* Begin PBXGroup section */
		456A92E42F21BCB2004D7D82 = {
			isa = PBXGroup;
			children = (
				456A92EF2F21BCB2004D7D82 /* Iminapp */,
				456A92FD2F21BCB4004D7D82 /* IminappTests */,
				456A93072F21BCB4004D7D82 /* IminappUITests */,
				456A92EE2F21BCB2004D7D82 /* Products */,
			);
			sourceTree = "<group>";
		};
		456A92EE2F21BCB2004D7D82 /* Products */ = {
			isa = PBXGroup;
			children = (
				456A92ED2F21BCB2004D7D82 /* Iminapp.app */,
				456A92FA2F21BCB4004D7D82 /* IminappTests.xctest */,
				456A93042F21BCB4004D7D82 /* IminappUITests.xctest */,
			);
			name = Products;
			sourceTree = "<group>";
		};
/* End PBXGroup section */

/* Begin PBXNativeTarget section */
		456A92EC2F21BCB2004D7D82 /* Iminapp */ = {
			isa = PBXNativeTarget;
			buildConfigurationList = 456A930E2F21BCB4004D7D82 /* Build configuration list for PBXNativeTarget "Iminapp" */;
			buildPhases = (
				456A92E92F21BCB2004D7D82 /* Sources */,
				456A92EA2F21BCB2004D7D82 /* Frameworks */,
				456A92EB2F21BCB2004D7D82 /* Resources */,
			);
			buildRules = (
			);
			dependencies = (
			);
			fileSystemSynchronizedGroups = (
				456A92EF2F21BCB2004D7D82 /* Iminapp */,
			);
			name = Iminapp;
			packageProductDependencies = (
				45F57D502F22FFCE00AAD914 /* Lottie */,
			);
			productName = Iminapp;
			productReference = 456A92ED2F21BCB2004D7D82 /* Iminapp.app */;
			productType = "com.apple.product-type.application";
		};
		456A92F92F21BCB4004D7D82 /* IminappTests */ = {
			isa = PBXNativeTarget;
			buildConfigurationList = 456A93112F21BCB4004D7D82 /* Build configuration list for PBXNativeTarget "IminappTests" */;
			buildPhases = (
				456A92F62F21BCB4004D7D82 /* Sources */,
				456A92F72F21BCB4004D7D82 /* Frameworks */,
				456A92F82F21BCB4004D7D82 /* Resources */,
			);
			buildRules = (
			);
			dependencies = (
				456A92FC2F21BCB4004D7D82 /* PBXTargetDependency */,
			);
			fileSystemSynchronizedGroups = (
				456A92FD2F21BCB4004D7D82 /* IminappTests */,
			);
			name = IminappTests;
			packageProductDependencies = (
			);
			productName = IminappTests;
			productReference = 456A92FA2F21BCB4004D7D82 /* IminappTests.xctest */;
			productType = "com.apple.product-type.bundle.unit-test";
		};
		456A93032F21BCB4004D7D82 /* IminappUITests */ = {
			isa = PBXNativeTarget;
			buildConfigurationList = 456A93142F21BCB4004D7D82 /* Build configuration list for PBXNativeTarget "IminappUITests" */;
			buildPhases = (
				456A93002F21BCB4004D7D82 /* Sources */,
				456A93012F21BCB4004D7D82 /* Frameworks */,
				456A93022F21BCB4004D7D82 /* Resources */,
			);
			buildRules = (
			);
			dependencies = (
				456A93062F21BCB4004D7D82 /* PBXTargetDependency */,
			);
			fileSystemSynchronizedGroups = (
				456A93072F21BCB4004D7D82 /* IminappUITests */,
			);
			name = IminappUITests;
			packageProductDependencies = (
			);
			productName = IminappUITests;
			productReference = 456A93042F21BCB4004D7D82 /* IminappUITests.xctest */;
			productType = "com.apple.product-type.bundle.ui-testing";
		};
/* End PBXNativeTarget section */

/* Begin PBXProject section */
		456A92E52F21BCB2004D7D82 /* Project object */ = {
			isa = PBXProject;
			attributes = {
				BuildIndependentTargetsInParallel = 1;
				LastSwiftUpdateCheck = 1640;
				LastUpgradeCheck = 1640;
				TargetAttributes = {
					456A92EC2F21BCB2004D7D82 = {
						CreatedOnToolsVersion = 16.4;
					};
					456A92F92F21BCB4004D7D82 = {
						CreatedOnToolsVersion = 16.4;
						TestTargetID = 456A92EC2F21BCB2004D7D82;
					};
					456A93032F21BCB4004D7D82 = {
						CreatedOnToolsVersion = 16.4;
						TestTargetID = 456A92EC2F21BCB2004D7D82;
					};
				};
			};
			buildConfigurationList = 456A92E82F21BCB2004D7D82 /* Build configuration list for PBXProject "Iminapp" */;
			developmentRegion = en;
			hasScannedForEncodings = 0;
			knownRegions = (
				en,
				Base,
			);
			mainGroup = 456A92E42F21BCB2004D7D82;
			minimizedProjectReferenceProxies = 1;
			packageReferences = (
				45F57D4F2F22FFCE00AAD913 /* XCRemoteSwiftPackageReference "lottie-ios" */,
			);
			preferredProjectObjectVersion = 77;
			productRefGroup = 456A92EE2F21BCB2004D7D82 /* Products */;
			projectDirPath = "";
			projectRoot = "";
			targets = (
				456A92EC2F21BCB2004D7D82 /* Iminapp */,
				456A92F92F21BCB4004D7D82 /* IminappTests */,
				456A93032F21BCB4004D7D82 /* IminappUITests */,
			);
		};
/* End PBXProject section */

/* Begin PBXResourcesBuildPhase section */
		456A92EB2F21BCB2004D7D82 /* Resources */ = {
			isa = PBXResourcesBuildPhase;
			buildActionMask = 2147483647;
			files = (
			);
			runOnlyForDeploymentPostprocessing = 0;
		};
		456A92F82F21BCB4004D7D82 /* Resources */ = {
			isa = PBXResourcesBuildPhase;
			buildActionMask = 2147483647;
			files = (
			);
			runOnlyForDeploymentPostprocessing = 0;
		};
		456A93022F21BCB4004D7D82 /* Resources */ = {
			isa = PBXResourcesBuildPhase;
			buildActionMask = 2147483647;
			files = (
			);
			runOnlyForDeploymentPostprocessing = 0;
		};
/* End PBXResourcesBuildPhase section */

/* Begin PBXSourcesBuildPhase section */
		456A92E92F21BCB2004D7D82 /* Sources */ = {
			isa = PBXSourcesBuildPhase;
			buildActionMask = 2147483647;
			files = (
			);
			runOnlyForDeploymentPostprocessing = 0;
		};
		456A92F62F21BCB4004D7D82 /* Sources */ = {
			isa = PBXSourcesBuildPhase;
			buildActionMask = 2147483647;
			files = (
			);
			runOnlyForDeploymentPostprocessing = 0;
		};
		456A93002F21BCB4004D7D82 /* Sources */ = {
			isa = PBXSourcesBuildPhase;
			buildActionMask = 2147483647;
			files = (
			);
			runOnlyForDeploymentPostprocessing = 0;
		};
/* End PBXSourcesBuildPhase section */

/* Begin PBXTargetDependency section */
		456A92FC2F21BCB4004D7D82 /* PBXTargetDependency */ = {
			isa = PBXTargetDependency;
			target = 456A92EC2F21BCB2004D7D82 /* Iminapp */;
			targetProxy = 456A92FB2F21BCB4004D7D82 /* PBXContainerItemProxy */;
		};
		456A93062F21BCB4004D7D82 /* PBXTargetDependency */ = {
			isa = PBXTargetDependency;
			target = 456A92EC2F21BCB2004D7D82 /* Iminapp */;
			targetProxy = 456A93052F21BCB4004D7D82 /* PBXContainerItemProxy */;
		};
/* End PBXTargetDependency section */

/* Begin XCBuildConfiguration section */
		456A930C2F21BCB4004D7D82 /* Debug */ = {
			isa = XCBuildConfiguration;
			buildSettings = {
				ALWAYS_SEARCH_USER_PATHS = NO;
				ASSETCATALOG_COMPILER_GENERATE_SWIFT_ASSET_SYMBOL_EXTENSIONS = YES;
				CLANG_ANALYZER_NONNULL = YES;
				CLANG_ANALYZER_NUMBER_OBJECT_CONVERSION = YES_AGGRESSIVE;
				CLANG_CXX_LANGUAGE_STANDARD = "gnu++20";
				CLANG_ENABLE_MODULES = YES;
				CLANG_ENABLE_OBJC_ARC = YES;
				CLANG_ENABLE_OBJC_WEAK = YES;
				CLANG_WARN_BLOCK_CAPTURE_AUTORELEASING = YES;
				CLANG_WARN_BOOL_CONVERSION = YES;
				CLANG_WARN_COMMA = YES;
				CLANG_WARN_CONSTANT_CONVERSION = YES;
				CLANG_WARN_DEPRECATED_OBJC_IMPLEMENTATIONS = YES;
				CLANG_WARN_DIRECT_OBJC_ISA_USAGE = YES_ERROR;
				CLANG_WARN_DOCUMENTATION_COMMENTS = YES;
				CLANG_WARN_EMPTY_BODY = YES;
				CLANG_WARN_ENUM_CONVERSION = YES;
				CLANG_WARN_INFINITE_RECURSION = YES;
				CLANG_WARN_INT_CONVERSION = YES;
				CLANG_WARN_NON_LITERAL_NULL_CONVERSION = YES;
				CLANG_WARN_OBJC_IMPLICIT_RETAIN_SELF = YES;
				CLANG_WARN_OBJC_LITERAL_CONVERSION = YES;
				CLANG_WARN_OBJC_ROOT_CLASS = YES_ERROR;
				CLANG_WARN_QUOTED_INCLUDE_IN_FRAMEWORK_HEADER = YES;
				CLANG_WARN_RANGE_LOOP_ANALYSIS = YES;
				CLANG_WARN_STRICT_PROTOTYPES = YES;
				CLANG_WARN_SUSPICIOUS_MOVE = YES;
				CLANG_WARN_UNGUARDED_AVAILABILITY = YES_AGGRESSIVE;
				CLANG_WARN_UNREACHABLE_CODE = YES;
				CLANG_WARN__DUPLICATE_METHOD_MATCH = YES;
				COPY_PHASE_STRIP = NO;
				DEBUG_INFORMATION_FORMAT = dwarf;
				ENABLE_STRICT_OBJC_MSGSEND = YES;
				ENABLE_TESTABILITY = YES;
				ENABLE_USER_SCRIPT_SANDBOXING = YES;
				GCC_C_LANGUAGE_STANDARD = gnu17;
				GCC_DYNAMIC_NO_PIC = NO;
				GCC_NO_COMMON_BLOCKS = YES;
				GCC_OPTIMIZATION_LEVEL = 0;
				GCC_PREPROCESSOR_DEFINITIONS = (
					"DEBUG=1",
					"$(inherited)",
				);
				GCC_WARN_64_TO_32_BIT_CONVERSION = YES;
				GCC_WARN_ABOUT_RETURN_TYPE = YES_ERROR;
				GCC_WARN_UNDECLARED_SELECTOR = YES;
				GCC_WARN_UNINITIALIZED_AUTOS = YES_AGGRESSIVE;
				GCC_WARN_UNUSED_FUNCTION = YES;
				GCC_WARN_UNUSED_VARIABLE = YES;
				IPHONEOS_DEPLOYMENT_TARGET = 18.5;
				LOCALIZATION_PREFERS_STRING_CATALOGS = YES;
				MTL_ENABLE_DEBUG_INFO = INCLUDE_SOURCE;
				MTL_FAST_MATH = YES;
				ONLY_ACTIVE_ARCH = YES;
				SDKROOT = iphoneos;
				SWIFT_ACTIVE_COMPILATION_CONDITIONS = "DEBUG $(inherited)";
				SWIFT_OPTIMIZATION_LEVEL = "-Onone";
			};
			name = Debug;
		};
		456A930D2F21BCB4004D7D82 /* Release */ = {
			isa = XCBuildConfiguration;
			buildSettings = {
				ALWAYS_SEARCH_USER_PATHS = NO;
				ASSETCATALOG_COMPILER_GENERATE_SWIFT_ASSET_SYMBOL_EXTENSIONS = YES;
				CLANG_ANALYZER_NONNULL = YES;
				CLANG_ANALYZER_NUMBER_OBJECT_CONVERSION = YES_AGGRESSIVE;
				CLANG_CXX_LANGUAGE_STANDARD = "gnu++20";
				CLANG_ENABLE_MODULES = YES;
				CLANG_ENABLE_OBJC_ARC = YES;
				CLANG_ENABLE_OBJC_WEAK = YES;
				CLANG_WARN_BLOCK_CAPTURE_AUTORELEASING = YES;
				CLANG_WARN_BOOL_CONVERSION = YES;
				CLANG_WARN_COMMA = YES;
				CLANG_WARN_CONSTANT_CONVERSION = YES;
				CLANG_WARN_DEPRECATED_OBJC_IMPLEMENTATIONS = YES;
				CLANG_WARN_DIRECT_OBJC_ISA_USAGE = YES_ERROR;
				CLANG_WARN_DOCUMENTATION_COMMENTS = YES;
				CLANG_WARN_EMPTY_BODY = YES;
				CLANG_WARN_ENUM_CONVERSION = YES;
				CLANG_WARN_INFINITE_RECURSION = YES;
				CLANG_WARN_INT_CONVERSION = YES;
				CLANG_WARN_NON_LITERAL_NULL_CONVERSION = YES;
				CLANG_WARN_OBJC_IMPLICIT_RETAIN_SELF = YES;
				CLANG_WARN_OBJC_LITERAL_CONVERSION = YES;
				CLANG_WARN_OBJC_ROOT_CLASS = YES_ERROR;
				CLANG_WARN_QUOTED_INCLUDE_IN_FRAMEWORK_HEADER = YES;
				CLANG_WARN_RANGE_LOOP_ANALYSIS = YES;
				CLANG_WARN_STRICT_PROTOTYPES = YES;
				CLANG_WARN_SUSPICIOUS_MOVE = YES;
				CLANG_WARN_UNGUARDED_AVAILABILITY = YES_AGGRESSIVE;
				CLANG_WARN_UNREACHABLE_CODE = YES;
				CLANG_WARN__DUPLICATE_METHOD_MATCH = YES;
				COPY_PHASE_STRIP = NO;
				DEBUG_INFORMATION_FORMAT = "dwarf-with-dsym";
				ENABLE_NS_ASSERTIONS = NO;
				ENABLE_STRICT_OBJC_MSGSEND = YES;
				ENABLE_USER_SCRIPT_SANDBOXING = YES;
				GCC_C_LANGUAGE_STANDARD = gnu17;
				GCC_NO_COMMON_BLOCKS = YES;
				GCC_WARN_64_TO_32_BIT_CONVERSION = YES;
				GCC_WARN_ABOUT_RETURN_TYPE = YES_ERROR;
				GCC_WARN_UNDECLARED_SELECTOR = YES;
				GCC_WARN_UNINITIALIZED_AUTOS = YES_AGGRESSIVE;
				GCC_WARN_UNUSED_FUNCTION = YES;
				GCC_WARN_UNUSED_VARIABLE = YES;
				IPHONEOS_DEPLOYMENT_TARGET = 18.5;
				LOCALIZATION_PREFERS_STRING_CATALOGS = YES;
				MTL_ENABLE_DEBUG_INFO = NO;
				MTL_FAST_MATH = YES;
				SDKROOT = iphoneos;
				SWIFT_COMPILATION_MODE = wholemodule;
				VALIDATE_PRODUCT = YES;
			};
			name = Release;
		};
		456A930F2F21BCB4004D7D82 /* Debug */ = {
			isa = XCBuildConfiguration;
			buildSettings = {
				ASSETCATALOG_COMPILER_APPICON_NAME = AppIcon;
				ASSETCATALOG_COMPILER_GLOBAL_ACCENT_COLOR_NAME = AccentColor;
				CODE_SIGN_STYLE = Automatic;
				CURRENT_PROJECT_VERSION = 1;
				ENABLE_PREVIEWS = YES;
				GENERATE_INFOPLIST_FILE = YES;
				INFOPLIST_KEY_UIApplicationSceneManifest_Generation = YES;
				INFOPLIST_KEY_UIApplicationSupportsIndirectInputEvents = YES;
				INFOPLIST_KEY_UILaunchScreen_Generation = YES;
				INFOPLIST_KEY_UISupportedInterfaceOrientations_iPad = "UIInterfaceOrientationPortrait UIInterfaceOrientationPortraitUpsideDown UIInterfaceOrientationLandscapeLeft UIInterfaceOrientationLandscapeRight";
				INFOPLIST_KEY_UISupportedInterfaceOrientations_iPhone = "UIInterfaceOrientationPortrait UIInterfaceOrientationLandscapeLeft UIInterfaceOrientationLandscapeRight";
				LD_RUNPATH_SEARCH_PATHS = (
					"$(inherited)",
					"@executable_path/Frameworks",
				);
				MARKETING_VERSION = 1.0;
				PRODUCT_BUNDLE_IDENTIFIER = LobertCollinsIndustries.Iminapp;
				PRODUCT_NAME = "$(TARGET_NAME)";
				SWIFT_EMIT_LOC_STRINGS = YES;
				SWIFT_VERSION = 5.0;
				TARGETED_DEVICE_FAMILY = "1,2";
			};
			name = Debug;
		};
		456A93102F21BCB4004D7D82 /* Release */ = {
			isa = XCBuildConfiguration;
			buildSettings = {
				ASSETCATALOG_COMPILER_APPICON_NAME = AppIcon;
				ASSETCATALOG_COMPILER_GLOBAL_ACCENT_COLOR_NAME = AccentColor;
				CODE_SIGN_STYLE = Automatic;
				CURRENT_PROJECT_VERSION = 1;
				ENABLE_PREVIEWS = YES;
				GENERATE_INFOPLIST_FILE = YES;
				INFOPLIST_KEY_UIApplicationSceneManifest_Generation = YES;
				INFOPLIST_KEY_UIApplicationSupportsIndirectInputEvents = YES;
				INFOPLIST_KEY_UILaunchScreen_Generation = YES;
				INFOPLIST_KEY_UISupportedInterfaceOrientations_iPad = "UIInterfaceOrientationPortrait UIInterfaceOrientationPortraitUpsideDown UIInterfaceOrientationLandscapeLeft UIInterfaceOrientationLandscapeRight";
				INFOPLIST_KEY_UISupportedInterfaceOrientations_iPhone = "UIInterfaceOrientationPortrait UIInterfaceOrientationLandscapeLeft UIInterfaceOrientationLandscapeRight";
				LD_RUNPATH_SEARCH_PATHS = (
					"$(inherited)",
					"@executable_path/Frameworks",
				);
				MARKETING_VERSION = 1.0;
				PRODUCT_BUNDLE_IDENTIFIER = LobertCollinsIndustries.Iminapp;
				PRODUCT_NAME = "$(TARGET_NAME)";
				SWIFT_EMIT_LOC_STRINGS = YES;
				SWIFT_VERSION = 5.0;
				TARGETED_DEVICE_FAMILY = "1,2";
			};
			name = Release;
		};
		456A93122F21BCB4004D7D82 /* Debug */ = {
			isa = XCBuildConfiguration;
			buildSettings = {
				BUNDLE_LOADER = "$(TEST_HOST)";
				CODE_SIGN_STYLE = Automatic;
				CURRENT_PROJECT_VERSION = 1;
				GENERATE_INFOPLIST_FILE = YES;
				IPHONEOS_DEPLOYMENT_TARGET = 18.5;
				MARKETING_VERSION = 1.0;
				PRODUCT_BUNDLE_IDENTIFIER = LobertCollinsIndustries.IminappTests;
				PRODUCT_NAME = "$(TARGET_NAME)";
				SWIFT_EMIT_LOC_STRINGS = NO;
				SWIFT_VERSION = 5.0;
				TARGETED_DEVICE_FAMILY = "1,2";
				TEST_HOST = "$(BUILT_PRODUCTS_DIR)/Iminapp.app/$(BUNDLE_EXECUTABLE_FOLDER_PATH)/Iminapp";
			};
			name = Debug;
		};
		456A93132F21BCB4004D7D82 /* Release */ = {
			isa = XCBuildConfiguration;
			buildSettings = {
				BUNDLE_LOADER = "$(TEST_HOST)";
				CODE_SIGN_STYLE = Automatic;
				CURRENT_PROJECT_VERSION = 1;
				GENERATE_INFOPLIST_FILE = YES;
				IPHONEOS_DEPLOYMENT_TARGET = 18.5;
				MARKETING_VERSION = 1.0;
				PRODUCT_BUNDLE_IDENTIFIER = LobertCollinsIndustries.IminappTests;
				PRODUCT_NAME = "$(TARGET_NAME)";
				SWIFT_EMIT_LOC_STRINGS = NO;
				SWIFT_VERSION = 5.0;
				TARGETED_DEVICE_FAMILY = "1,2";
				TEST_HOST = "$(BUILT_PRODUCTS_DIR)/Iminapp.app/$(BUNDLE_EXECUTABLE_FOLDER_PATH)/Iminapp";
			};
			name = Release;
		};
		456A93152F21BCB4004D7D82 /* Debug */ = {
			isa = XCBuildConfiguration;
			buildSettings = {
				CODE_SIGN_STYLE = Automatic;
				CURRENT_PROJECT_VERSION = 1;
				GENERATE_INFOPLIST_FILE = YES;
				MARKETING_VERSION = 1.0;
				PRODUCT_BUNDLE_IDENTIFIER = LobertCollinsIndustries.IminappUITests;
				PRODUCT_NAME = "$(TARGET_NAME)";
				SWIFT_EMIT_LOC_STRINGS = NO;
				SWIFT_VERSION = 5.0;
				TARGETED_DEVICE_FAMILY = "1,2";
				TEST_TARGET_NAME = Iminapp;
			};
			name = Debug;
		};
		456A93162F21BCB4004D7D82 /* Release */ = {
			isa = XCBuildConfiguration;
			buildSettings = {
				CODE_SIGN_STYLE = Automatic;
				CURRENT_PROJECT_VERSION = 1;
				GENERATE_INFOPLIST_FILE = YES;
				MARKETING_VERSION = 1.0;
				PRODUCT_BUNDLE_IDENTIFIER = LobertCollinsIndustries.IminappUITests;
				PRODUCT_NAME = "$(TARGET_NAME)";
				SWIFT_EMIT_LOC_STRINGS = NO;
				SWIFT_VERSION = 5.0;
				TARGETED_DEVICE_FAMILY = "1,2";
				TEST_TARGET_NAME = Iminapp;
			};
			name = Release;
		};
/* End XCBuildConfiguration section */

/* Begin XCConfigurationList section */
		456A92E82F21BCB2004D7D82 /* Build configuration list for PBXProject "Iminapp" */ = {
			isa = XCConfigurationList;
			buildConfigurations = (
				456A930C2F21BCB4004D7D82 /* Debug */,
				456A930D2F21BCB4004D7D82 /* Release */,
			);
			defaultConfigurationIsVisible = 0;
			defaultConfigurationName = Release;
		};
		456A930E2F21BCB4004D7D82 /* Build configuration list for PBXNativeTarget "Iminapp" */ = {
			isa = XCConfigurationList;
			buildConfigurations = (
				456A930F2F21BCB4004D7D82 /* Debug */,
				456A93102F21BCB4004D7D82 /* Release */,
			);
			defaultConfigurationIsVisible = 0;
			defaultConfigurationName = Release;
		};
		456A93112F21BCB4004D7D82 /* Build configuration list for PBXNativeTarget "IminappTests" */ = {
			isa = XCConfigurationList;
			buildConfigurations = (
				456A93122F21BCB4004D7D82 /* Debug */,
				456A93132F21BCB4004D7D82 /* Release */,
			);
			defaultConfigurationIsVisible = 0;
			defaultConfigurationName = Release;
		};
		456A93142F21BCB4004D7D82 /* Build configuration list for PBXNativeTarget "IminappUITests" */ = {
			isa = XCConfigurationList;
			buildConfigurations = (
				456A93152F21BCB4004D7D82 /* Debug */,
				456A93162F21BCB4004D7D82 /* Release */,
			);
			defaultConfigurationIsVisible = 0;
			defaultConfigurationName = Release;
		};
/* End XCConfigurationList section */

/* Begin XCRemoteSwiftPackageReference section */
		45F57D4F2F22FFCE00AAD913 /* XCRemoteSwiftPackageReference "lottie-ios" */ = {
			isa = XCRemoteSwiftPackageReference;
			repositoryURL = "https://github.com/airbnb/lottie-ios";
			requirement = {
				kind = upToNextMajorVersion;
				minimumVersion = 4.6.0;
			};
		};
/* End XCRemoteSwiftPackageReference section */

/* Begin XCSwiftPackageProductDependency section */
		45F57D502F22FFCE00AAD914 /* Lottie */ = {
			isa = XCSwiftPackageProductDependency;
			package = 45F57D4F2F22FFCE00AAD913 /* XCRemoteSwiftPackageReference "lottie-ios" */;
			productName = Lottie;
		};
/* End XCSwiftPackageProductDependency section */
	};
	rootObject = 456A92E52F21BCB2004D7D82 /* Project object */;
}
